
Microsoft Visual Studio Solution File, Format Version 12.00
# Visual Studio Version 16
VisualStudioVersion = 16.0.30607.51
MinimumVisualStudioVersion = 10.0.40219.1
Project("{FAE04EC0-301F-11D3-BF4B-00C04F79EFBC}") = "WebPage.Android", "WebPage\WebPage.Android\WebPage.Android.csproj", "{848E34E7-EC21-4F8C-AD9A-60130FD8300D}"
EndProject
Project("{FAE04EC0-301F-11D3-BF4B-00C04F79EFBC}") = "WebPage", "WebPage\WebPage\WebPage.csproj", "{5FFBCF60-161F-4A3B-80CC-D612D799A020}"
EndProject
Global
	GlobalSection(SolutionConfigurationPlatforms) = preSolution
		Debug|Any CPU = Debug|Any CPU
		Release|Any CPU = Release|Any CPU
	EndGlobalSection
	GlobalSection(ProjectConfigurationPlatforms) = postSolution
		{848E34E7-EC21-4F8C-AD9A-60130FD8300D}.Debug|Any CPU.ActiveCfg = Debug|Any CPU
		{848E34E7-EC21-4F8C-AD9A-60130FD8300D}.Debug|Any CPU.Build.0 = Debug|Any CPU
		{848E34E7-EC21-4F8C-AD9A-60130FD8300D}.Debug|Any CPU.Deploy.0 = Debug|Any CPU
		{848E34E7-EC21-4F8C-AD9A-60130FD8300D}.Release|Any CPU.ActiveCfg = Release|Any CPU
		{848E34E7-EC21-4F8C-AD9A-60130FD8300D}.Release|Any CPU.Build.0 = Release|Any CPU
		{848E34E7-EC21-4F8C-AD9A-60130FD8300D}.Release|Any CPU.Deploy.0 = Release|Any CPU
		{5FFBCF60-161F-4A3B-80CC-D612D799A020}.Debug|Any CPU.ActiveCfg = Debug|Any CPU
		{5FFBCF60-161F-4A3B-80CC-D612D799A020}.Debug|Any CPU.Build.0 = Debug|Any CPU
		{5FFBCF60-161F-4A3B-80CC-D612D799A020}.Debug|Any CPU.Deploy.0 = Debug|Any CPU
		{5FFBCF60-161F-4A3B-80CC-D612D799A020}.Release|Any CPU.ActiveCfg = Release|Any CPU
		{5FFBCF60-161F-4A3B-80CC-D612D799A020}.Release|Any CPU.Build.0 = Release|Any CPU
		{5FFBCF60-161F-4A3B-80CC-D612D799A020}.Release|Any CPU.Deploy.0 = Release|Any CPU
	EndGlobalSection
	GlobalSection(SolutionProperties) = preSolution
		HideSolutionNode = FALSE
	EndGlobalSection
	GlobalSection(ExtensibilityGlobals) = postSolution
		SolutionGuid = {39B62D50-1B45-4C6B-9D78-AEF4BB65128F}
	EndGlobalSection
EndGlobal
